// !$*UTF8*$!
{
	archiveVersion = 1;
	classes = {
	};
	objectVersion = 46;
	objects = {

/* Begin PBXBuildFile section */
		0043FB7ECDE03308B09BCF17 /* libPods-TrueBite.a in Frameworks */ = {isa = PBXBuildFile; fileRef = A1AE22C332FFAE902C40343F /* libPods-TrueBite.a */; };
		A0019FCD1D6FD4DB0074F80D /* PriceUpdateController.m in Sources */ = {isa = PBXBuildFile; fileRef = A0019FCC1D6FD4DB0074F80D /* PriceUpdateController.m */; };
		A0019FD11D714D290074F80D /* SearchViewController.m in Sources */ = {isa = PBXBuildFile; fileRef = A0019FD01D714D290074F80D /* SearchViewController.m */; };
		A018A8191D7FC82800FAECFE /* TabledCollectionCell.m in Sources */ = {isa = PBXBuildFile; fileRef = A018A8181D7FC82800FAECFE /* TabledCollectionCell.m */; };
		A018A81C1D7FCE4000FAECFE /* ImageCollectionCell.m in Sources */ = {isa = PBXBuildFile; fileRef = A018A81B1D7FCE4000FAECFE /* ImageCollectionCell.m */; };
		A018A8271D82925200FAECFE /* FIRDatabaseManager.m in Sources */ = {isa = PBXBuildFile; fileRef = A018A8261D82925200FAECFE /* FIRDatabaseManager.m */; };
		A024394B1D73A09D00BA4017 /* HoursTableViewCell.m in Sources */ = {isa = PBXBuildFile; fileRef = A024394A1D73A09D00BA4017 /* HoursTableViewCell.m */; };
		A024394E1D73B4EC00BA4017 /* RestaurantInfoTableViewCell.m in Sources */ = {isa = PBXBuildFile; fileRef = A024394D1D73B4EC00BA4017 /* RestaurantInfoTableViewCell.m */; };
		A02439511D73CE0700BA4017 /* SpecificMapView.m in Sources */ = {isa = PBXBuildFile; fileRef = A02439501D73CE0700BA4017 /* SpecificMapView.m */; };
		A02439571D76758100BA4017 /* LocationPromptView.m in Sources */ = {isa = PBXBuildFile; fileRef = A02439561D76758100BA4017 /* LocationPromptView.m */; };
		A024395A1D767F6100BA4017 /* LoadingView.m in Sources */ = {isa = PBXBuildFile; fileRef = A02439591D767F6100BA4017 /* LoadingView.m */; };
		A024395F1D7684BD00BA4017 /* StarRatingView.m in Sources */ = {isa = PBXBuildFile; fileRef = A024395E1D7684BD00BA4017 /* StarRatingView.m */; };
		A02439621D776EF900BA4017 /* WKWebViewController.m in Sources */ = {isa = PBXBuildFile; fileRef = A02439611D776EF900BA4017 /* WKWebViewController.m */; };
		A0275BBE1D89C07400D2DE5B /* NSString+IsEmpty.m in Sources */ = {isa = PBXBuildFile; fileRef = A0275BBD1D89C07400D2DE5B /* NSString+IsEmpty.m */; };
		A0275BC11D89C8B300D2DE5B /* AddPhotoCollectionViewCell.m in Sources */ = {isa = PBXBuildFile; fileRef = A0275BC01D89C8B300D2DE5B /* AddPhotoCollectionViewCell.m */; };
		A0275BCC1D8A231C00D2DE5B /* UIImage+ResizeHelper.m in Sources */ = {isa = PBXBuildFile; fileRef = A0275BCB1D8A231C00D2DE5B /* UIImage+ResizeHelper.m */; };
		A03D3B371D77F9FF008455F1 /* TitlePageView.m in Sources */ = {isa = PBXBuildFile; fileRef = A03D3B361D77F9FF008455F1 /* TitlePageView.m */; };
		A03D3B3A1D77FA10008455F1 /* AppDescriptionView.m in Sources */ = {isa = PBXBuildFile; fileRef = A03D3B391D77FA10008455F1 /* AppDescriptionView.m */; };
		A03D3B3F1D78C7C4008455F1 /* GoogleService-Info.plist in Resources */ = {isa = PBXBuildFile; fileRef = A03D3B3E1D78C7C4008455F1 /* GoogleService-Info.plist */; };
		A061587C1D67BB36005C7C74 /* main.m in Sources */ = {isa = PBXBuildFile; fileRef = A061587B1D67BB36005C7C74 /* main.m */; };
		A061587F1D67BB36005C7C74 /* AppDelegate.m in Sources */ = {isa = PBXBuildFile; fileRef = A061587E1D67BB36005C7C74 /* AppDelegate.m */; };
		A06158821D67BB36005C7C74 /* MapViewController.m in Sources */ = {isa = PBXBuildFile; fileRef = A06158811D67BB36005C7C74 /* MapViewController.m */; };
		A06158851D67BB36005C7C74 /* Main.storyboard in Resources */ = {isa = PBXBuildFile; fileRef = A06158831D67BB36005C7C74 /* Main.storyboard */; };
		A06158871D67BB36005C7C74 /* Assets.xcassets in Resources */ = {isa = PBXBuildFile; fileRef = A06158861D67BB36005C7C74 /* Assets.xcassets */; };
		A061588A1D67BB36005C7C74 /* LaunchScreen.storyboard in Resources */ = {isa = PBXBuildFile; fileRef = A06158881D67BB36005C7C74 /* LaunchScreen.storyboard */; };
		A093BCB61D7237B0009A8F55 /* RestaurantDetailViewCell.m in Sources */ = {isa = PBXBuildFile; fileRef = A093BCB51D7237B0009A8F55 /* RestaurantDetailViewCell.m */; };
		A093BCBA1D723B96009A8F55 /* UIFont+Extension.m in Sources */ = {isa = PBXBuildFile; fileRef = A093BCB91D723B96009A8F55 /* UIFont+Extension.m */; };
		A093BCC41D724DD3009A8F55 /* SF-UI-Display-Light.otf in Resources */ = {isa = PBXBuildFile; fileRef = A093BCBC1D724C64009A8F55 /* SF-UI-Display-Light.otf */; };
		A093BCC51D724DD3009A8F55 /* SF-UI-Display-Medium.otf in Resources */ = {isa = PBXBuildFile; fileRef = A093BCBD1D724C64009A8F55 /* SF-UI-Display-Medium.otf */; };
		A093BCC61D724DD3009A8F55 /* SF-UI-Display-Semibold.otf in Resources */ = {isa = PBXBuildFile; fileRef = A093BCBE1D724C64009A8F55 /* SF-UI-Display-Semibold.otf */; };
		A093BCC71D724DD3009A8F55 /* SF-UI-Text-SemiboldItalic.otf in Resources */ = {isa = PBXBuildFile; fileRef = A093BCBF1D724C64009A8F55 /* SF-UI-Text-SemiboldItalic.otf */; };
		A093BCC81D724DD3009A8F55 /* SF-UI-Text-RegularItalic.otf in Resources */ = {isa = PBXBuildFile; fileRef = A093BCC01D724C64009A8F55 /* SF-UI-Text-RegularItalic.otf */; };
		A093BCC91D724DD3009A8F55 /* SF-UI-Display-Bold.otf in Resources */ = {isa = PBXBuildFile; fileRef = A093BCC11D724C64009A8F55 /* SF-UI-Display-Bold.otf */; };
		A093BCCA1D724DD3009A8F55 /* SF-UI-Display-Regular.otf in Resources */ = {isa = PBXBuildFile; fileRef = A093BCC21D724C64009A8F55 /* SF-UI-Display-Regular.otf */; };
		A0B1F9741D77A9EA00699A80 /* PriceUpdateAnimationView.m in Sources */ = {isa = PBXBuildFile; fileRef = A0B1F9731D77A9EA00699A80 /* PriceUpdateAnimationView.m */; };
		A0BCBD821D67C47200C9ED04 /* RestaurantDataSource.m in Sources */ = {isa = PBXBuildFile; fileRef = A0BCBD811D67C47200C9ED04 /* RestaurantDataSource.m */; };
		A0BCBD901D67C95C00C9ED04 /* MobileCoreServices.framework in Frameworks */ = {isa = PBXBuildFile; fileRef = A0BCBD8F1D67C95C00C9ED04 /* MobileCoreServices.framework */; };
		A0BCBD921D67C96600C9ED04 /* Foundation.framework in Frameworks */ = {isa = PBXBuildFile; fileRef = A0BCBD911D67C96600C9ED04 /* Foundation.framework */; };
		A0BCBD941D67C96C00C9ED04 /* UIKit.framework in Frameworks */ = {isa = PBXBuildFile; fileRef = A0BCBD931D67C96C00C9ED04 /* UIKit.framework */; };
		A0BCBD971D67CCB000C9ED04 /* LocationManager.m in Sources */ = {isa = PBXBuildFile; fileRef = A0BCBD961D67CCB000C9ED04 /* LocationManager.m */; };
		A0BCBD9A1D693F9400C9ED04 /* RestaurantListViewController.m in Sources */ = {isa = PBXBuildFile; fileRef = A0BCBD991D693F9400C9ED04 /* RestaurantListViewController.m */; };
		A0BCBD9D1D6940AA00C9ED04 /* RestaurantTableViewCell.m in Sources */ = {isa = PBXBuildFile; fileRef = A0BCBD9C1D6940AA00C9ED04 /* RestaurantTableViewCell.m */; };
		A0BCBDA01D6A4A5400C9ED04 /* FoursquareRestaurant.m in Sources */ = {isa = PBXBuildFile; fileRef = A0BCBD9F1D6A4A5400C9ED04 /* FoursquareRestaurant.m */; };
		A0BCBDA31D6A6C0F00C9ED04 /* LoginViewController.m in Sources */ = {isa = PBXBuildFile; fileRef = A0BCBDA21D6A6C0F00C9ED04 /* LoginViewController.m */; };
		A0BF221F1D6ACEE70024148A /* Bolts.framework in Frameworks */ = {isa = PBXBuildFile; fileRef = A0BF221B1D6ACEE70024148A /* Bolts.framework */; };
		A0BF22201D6ACEE70024148A /* FBSDKCoreKit.framework in Frameworks */ = {isa = PBXBuildFile; fileRef = A0BF221C1D6ACEE70024148A /* FBSDKCoreKit.framework */; };
		A0BF22211D6ACEE80024148A /* FBSDKLoginKit.framework in Frameworks */ = {isa = PBXBuildFile; fileRef = A0BF221D1D6ACEE70024148A /* FBSDKLoginKit.framework */; };
		A0BF22221D6ACEE80024148A /* FBSDKShareKit.framework in Frameworks */ = {isa = PBXBuildFile; fileRef = A0BF221E1D6ACEE70024148A /* FBSDKShareKit.framework */; };
		A0BF222A1D6B9F6A0024148A /* SystemConfiguration.framework in Frameworks */ = {isa = PBXBuildFile; fileRef = A0BF22291D6B9F6A0024148A /* SystemConfiguration.framework */; };
		A0BF222D1D6CF6CF0024148A /* LayoutBounds.m in Sources */ = {isa = PBXBuildFile; fileRef = A0BF222C1D6CF6CF0024148A /* LayoutBounds.m */; };
		A0BF22301D6D01C60024148A /* RestaurantDetailViewController.m in Sources */ = {isa = PBXBuildFile; fileRef = A0BF222F1D6D01C60024148A /* RestaurantDetailViewController.m */; };
		A0DE0CC11D7E73D700FC65C8 /* MealCameraController.m in Sources */ = {isa = PBXBuildFile; fileRef = A0DE0CC01D7E73D700FC65C8 /* MealCameraController.m */; };
		A0DE0CF71D7E834D00FC65C8 /* PriceFilterView.m in Sources */ = {isa = PBXBuildFile; fileRef = A0DE0CF61D7E834D00FC65C8 /* PriceFilterView.m */; };
		A0DE0CFA1D7E8B4800FC65C8 /* AssetSendViewController.m in Sources */ = {isa = PBXBuildFile; fileRef = A0DE0CF91D7E8B4800FC65C8 /* AssetSendViewController.m */; };
/* End PBXBuildFile section */

/* Begin PBXFileReference section */
		A0019FCB1D6FD4DB0074F80D /* PriceUpdateController.h */ = {isa = PBXFileReference; fileEncoding = 4; lastKnownFileType = sourcecode.c.h; path = PriceUpdateController.h; sourceTree = "<group>"; };
		A0019FCC1D6FD4DB0074F80D /* PriceUpdateController.m */ = {isa = PBXFileReference; fileEncoding = 4; lastKnownFileType = sourcecode.c.objc; path = PriceUpdateController.m; sourceTree = "<group>"; };
		A0019FCF1D714D290074F80D /* SearchViewController.h */ = {isa = PBXFileReference; fileEncoding = 4; lastKnownFileType = sourcecode.c.h; path = SearchViewController.h; sourceTree = "<group>"; };
		A0019FD01D714D290074F80D /* SearchViewController.m */ = {isa = PBXFileReference; fileEncoding = 4; lastKnownFileType = sourcecode.c.objc; path = SearchViewController.m; sourceTree = "<group>"; };
		A018A8171D7FC82800FAECFE /* TabledCollectionCell.h */ = {isa = PBXFileReference; fileEncoding = 4; lastKnownFileType = sourcecode.c.h; path = TabledCollectionCell.h; sourceTree = "<group>"; };
		A018A8181D7FC82800FAECFE /* TabledCollectionCell.m */ = {isa = PBXFileReference; fileEncoding = 4; lastKnownFileType = sourcecode.c.objc; path = TabledCollectionCell.m; sourceTree = "<group>"; };
		A018A81A1D7FCE4000FAECFE /* ImageCollectionCell.h */ = {isa = PBXFileReference; fileEncoding = 4; lastKnownFileType = sourcecode.c.h; path = ImageCollectionCell.h; sourceTree = "<group>"; };
		A018A81B1D7FCE4000FAECFE /* ImageCollectionCell.m */ = {isa = PBXFileReference; fileEncoding = 4; lastKnownFileType = sourcecode.c.objc; path = ImageCollectionCell.m; sourceTree = "<group>"; };
		A018A8251D82925200FAECFE /* FIRDatabaseManager.h */ = {isa = PBXFileReference; fileEncoding = 4; lastKnownFileType = sourcecode.c.h; path = FIRDatabaseManager.h; sourceTree = "<group>"; };
		A018A8261D82925200FAECFE /* FIRDatabaseManager.m */ = {isa = PBXFileReference; fileEncoding = 4; lastKnownFileType = sourcecode.c.objc; path = FIRDatabaseManager.m; sourceTree = "<group>"; };
		A02439491D73A09D00BA4017 /* HoursTableViewCell.h */ = {isa = PBXFileReference; fileEncoding = 4; lastKnownFileType = sourcecode.c.h; path = HoursTableViewCell.h; sourceTree = "<group>"; };
		A024394A1D73A09D00BA4017 /* HoursTableViewCell.m */ = {isa = PBXFileReference; fileEncoding = 4; lastKnownFileType = sourcecode.c.objc; path = HoursTableViewCell.m; sourceTree = "<group>"; };
		A024394C1D73B4EC00BA4017 /* RestaurantInfoTableViewCell.h */ = {isa = PBXFileReference; fileEncoding = 4; lastKnownFileType = sourcecode.c.h; path = RestaurantInfoTableViewCell.h; sourceTree = "<group>"; };
		A024394D1D73B4EC00BA4017 /* RestaurantInfoTableViewCell.m */ = {isa = PBXFileReference; fileEncoding = 4; lastKnownFileType = sourcecode.c.objc; path = RestaurantInfoTableViewCell.m; sourceTree = "<group>"; };
		A024394F1D73CE0700BA4017 /* SpecificMapView.h */ = {isa = PBXFileReference; fileEncoding = 4; lastKnownFileType = sourcecode.c.h; path = SpecificMapView.h; sourceTree = "<group>"; };
		A02439501D73CE0700BA4017 /* SpecificMapView.m */ = {isa = PBXFileReference; fileEncoding = 4; lastKnownFileType = sourcecode.c.objc; path = SpecificMapView.m; sourceTree = "<group>"; };
		A02439551D76758100BA4017 /* LocationPromptView.h */ = {isa = PBXFileReference; fileEncoding = 4; lastKnownFileType = sourcecode.c.h; path = LocationPromptView.h; sourceTree = "<group>"; };
		A02439561D76758100BA4017 /* LocationPromptView.m */ = {isa = PBXFileReference; fileEncoding = 4; lastKnownFileType = sourcecode.c.objc; path = LocationPromptView.m; sourceTree = "<group>"; };
		A02439581D767F6100BA4017 /* LoadingView.h */ = {isa = PBXFileReference; fileEncoding = 4; lastKnownFileType = sourcecode.c.h; path = LoadingView.h; sourceTree = "<group>"; };
		A02439591D767F6100BA4017 /* LoadingView.m */ = {isa = PBXFileReference; fileEncoding = 4; lastKnownFileType = sourcecode.c.objc; path = LoadingView.m; sourceTree = "<group>"; };
		A024395D1D7684BD00BA4017 /* StarRatingView.h */ = {isa = PBXFileReference; fileEncoding = 4; lastKnownFileType = sourcecode.c.h; path = StarRatingView.h; sourceTree = "<group>"; };
		A024395E1D7684BD00BA4017 /* StarRatingView.m */ = {isa = PBXFileReference; fileEncoding = 4; lastKnownFileType = sourcecode.c.objc; path = StarRatingView.m; sourceTree = "<group>"; };
		A02439601D776EF900BA4017 /* WKWebViewController.h */ = {isa = PBXFileReference; fileEncoding = 4; lastKnownFileType = sourcecode.c.h; path = WKWebViewController.h; sourceTree = "<group>"; };
		A02439611D776EF900BA4017 /* WKWebViewController.m */ = {isa = PBXFileReference; fileEncoding = 4; lastKnownFileType = sourcecode.c.objc; path = WKWebViewController.m; sourceTree = "<group>"; };
		A0275BBC1D89C07400D2DE5B /* NSString+IsEmpty.h */ = {isa = PBXFileReference; fileEncoding = 4; lastKnownFileType = sourcecode.c.h; path = "NSString+IsEmpty.h"; sourceTree = "<group>"; };
		A0275BBD1D89C07400D2DE5B /* NSString+IsEmpty.m */ = {isa = PBXFileReference; fileEncoding = 4; lastKnownFileType = sourcecode.c.objc; path = "NSString+IsEmpty.m"; sourceTree = "<group>"; };
		A0275BBF1D89C8B300D2DE5B /* AddPhotoCollectionViewCell.h */ = {isa = PBXFileReference; fileEncoding = 4; lastKnownFileType = sourcecode.c.h; path = AddPhotoCollectionViewCell.h; sourceTree = "<group>"; };
		A0275BC01D89C8B300D2DE5B /* AddPhotoCollectionViewCell.m */ = {isa = PBXFileReference; fileEncoding = 4; lastKnownFileType = sourcecode.c.objc; path = AddPhotoCollectionViewCell.m; sourceTree = "<group>"; };
		A0275BCA1D8A231C00D2DE5B /* UIImage+ResizeHelper.h */ = {isa = PBXFileReference; fileEncoding = 4; lastKnownFileType = sourcecode.c.h; path = "UIImage+ResizeHelper.h"; sourceTree = "<group>"; };
		A0275BCB1D8A231C00D2DE5B /* UIImage+ResizeHelper.m */ = {isa = PBXFileReference; fileEncoding = 4; lastKnownFileType = sourcecode.c.objc; path = "UIImage+ResizeHelper.m"; sourceTree = "<group>"; };
		A03D3B351D77F9FF008455F1 /* TitlePageView.h */ = {isa = PBXFileReference; fileEncoding = 4; lastKnownFileType = sourcecode.c.h; path = TitlePageView.h; sourceTree = "<group>"; };
		A03D3B361D77F9FF008455F1 /* TitlePageView.m */ = {isa = PBXFileReference; fileEncoding = 4; lastKnownFileType = sourcecode.c.objc; path = TitlePageView.m; sourceTree = "<group>"; };
		A03D3B381D77FA10008455F1 /* AppDescriptionView.h */ = {isa = PBXFileReference; fileEncoding = 4; lastKnownFileType = sourcecode.c.h; path = AppDescriptionView.h; sourceTree = "<group>"; };
		A03D3B391D77FA10008455F1 /* AppDescriptionView.m */ = {isa = PBXFileReference; fileEncoding = 4; lastKnownFileType = sourcecode.c.objc; path = AppDescriptionView.m; sourceTree = "<group>"; };
		A03D3B3E1D78C7C4008455F1 /* GoogleService-Info.plist */ = {isa = PBXFileReference; fileEncoding = 4; lastKnownFileType = text.plist.xml; name = "GoogleService-Info.plist"; path = "../../../../Downloads/GoogleService-Info.plist"; sourceTree = "<group>"; };
		A06158771D67BB36005C7C74 /* TrueBite.app */ = {isa = PBXFileReference; explicitFileType = wrapper.application; includeInIndex = 0; path = TrueBite.app; sourceTree = BUILT_PRODUCTS_DIR; };
		A061587B1D67BB36005C7C74 /* main.m */ = {isa = PBXFileReference; lastKnownFileType = sourcecode.c.objc; path = main.m; sourceTree = "<group>"; };
		A061587D1D67BB36005C7C74 /* AppDelegate.h */ = {isa = PBXFileReference; lastKnownFileType = sourcecode.c.h; path = AppDelegate.h; sourceTree = "<group>"; };
		A061587E1D67BB36005C7C74 /* AppDelegate.m */ = {isa = PBXFileReference; lastKnownFileType = sourcecode.c.objc; path = AppDelegate.m; sourceTree = "<group>"; };
		A06158801D67BB36005C7C74 /* MapViewController.h */ = {isa = PBXFileReference; lastKnownFileType = sourcecode.c.h; path = MapViewController.h; sourceTree = "<group>"; };
		A06158811D67BB36005C7C74 /* MapViewController.m */ = {isa = PBXFileReference; lastKnownFileType = sourcecode.c.objc; path = MapViewController.m; sourceTree = "<group>"; };
		A06158841D67BB36005C7C74 /* Base */ = {isa = PBXFileReference; lastKnownFileType = file.storyboard; name = Base; path = Base.lproj/Main.storyboard; sourceTree = "<group>"; };
		A06158861D67BB36005C7C74 /* Assets.xcassets */ = {isa = PBXFileReference; lastKnownFileType = folder.assetcatalog; path = Assets.xcassets; sourceTree = "<group>"; };
		A06158891D67BB36005C7C74 /* Base */ = {isa = PBXFileReference; lastKnownFileType = file.storyboard; name = Base; path = Base.lproj/LaunchScreen.storyboard; sourceTree = "<group>"; };
		A061588B1D67BB36005C7C74 /* Info.plist */ = {isa = PBXFileReference; lastKnownFileType = text.plist.xml; path = Info.plist; sourceTree = "<group>"; };
		A093BCB41D7237B0009A8F55 /* RestaurantDetailViewCell.h */ = {isa = PBXFileReference; fileEncoding = 4; lastKnownFileType = sourcecode.c.h; path = RestaurantDetailViewCell.h; sourceTree = "<group>"; };
		A093BCB51D7237B0009A8F55 /* RestaurantDetailViewCell.m */ = {isa = PBXFileReference; fileEncoding = 4; lastKnownFileType = sourcecode.c.objc; path = RestaurantDetailViewCell.m; sourceTree = "<group>"; };
		A093BCB81D723B96009A8F55 /* UIFont+Extension.h */ = {isa = PBXFileReference; fileEncoding = 4; lastKnownFileType = sourcecode.c.h; name = "UIFont+Extension.h"; path = "../../Feedly-iOS/Joyspace/Categories/UIFont/UIFont+Extension.h"; sourceTree = "<group>"; };
		A093BCB91D723B96009A8F55 /* UIFont+Extension.m */ = {isa = PBXFileReference; fileEncoding = 4; lastKnownFileType = sourcecode.c.objc; name = "UIFont+Extension.m"; path = "../../Feedly-iOS/Joyspace/Categories/UIFont/UIFont+Extension.m"; sourceTree = "<group>"; };
		A093BCBC1D724C64009A8F55 /* SF-UI-Display-Light.otf */ = {isa = PBXFileReference; lastKnownFileType = file; name = "SF-UI-Display-Light.otf"; path = "../../Feedly-iOS/Joyspace/SF-UI-Display-Light.otf"; sourceTree = "<group>"; };
		A093BCBD1D724C64009A8F55 /* SF-UI-Display-Medium.otf */ = {isa = PBXFileReference; lastKnownFileType = file; name = "SF-UI-Display-Medium.otf"; path = "../../Feedly-iOS/Joyspace/SF-UI-Display-Medium.otf"; sourceTree = "<group>"; };
		A093BCBE1D724C64009A8F55 /* SF-UI-Display-Semibold.otf */ = {isa = PBXFileReference; lastKnownFileType = file; name = "SF-UI-Display-Semibold.otf"; path = "../../Feedly-iOS/Joyspace/SF-UI-Display-Semibold.otf"; sourceTree = "<group>"; };
		A093BCBF1D724C64009A8F55 /* SF-UI-Text-SemiboldItalic.otf */ = {isa = PBXFileReference; lastKnownFileType = file; name = "SF-UI-Text-SemiboldItalic.otf"; path = "../../Feedly-iOS/Joyspace/SF-UI-Text-SemiboldItalic.otf"; sourceTree = "<group>"; };
		A093BCC01D724C64009A8F55 /* SF-UI-Text-RegularItalic.otf */ = {isa = PBXFileReference; lastKnownFileType = file; name = "SF-UI-Text-RegularItalic.otf"; path = "../../Feedly-iOS/Joyspace/SF-UI-Text-RegularItalic.otf"; sourceTree = "<group>"; };
		A093BCC11D724C64009A8F55 /* SF-UI-Display-Bold.otf */ = {isa = PBXFileReference; lastKnownFileType = file; name = "SF-UI-Display-Bold.otf"; path = "../../Feedly-iOS/Joyspace/SF-UI-Display-Bold.otf"; sourceTree = "<group>"; };
		A093BCC21D724C64009A8F55 /* SF-UI-Display-Regular.otf */ = {isa = PBXFileReference; lastKnownFileType = file; name = "SF-UI-Display-Regular.otf"; path = "../../Feedly-iOS/Joyspace/SF-UI-Display-Regular.otf"; sourceTree = "<group>"; };
		A0B1F9721D77A9EA00699A80 /* PriceUpdateAnimationView.h */ = {isa = PBXFileReference; fileEncoding = 4; lastKnownFileType = sourcecode.c.h; path = PriceUpdateAnimationView.h; sourceTree = "<group>"; };
		A0B1F9731D77A9EA00699A80 /* PriceUpdateAnimationView.m */ = {isa = PBXFileReference; fileEncoding = 4; lastKnownFileType = sourcecode.c.objc; path = PriceUpdateAnimationView.m; sourceTree = "<group>"; };
		A0BCBD801D67C47200C9ED04 /* RestaurantDataSource.h */ = {isa = PBXFileReference; fileEncoding = 4; lastKnownFileType = sourcecode.c.h; path = RestaurantDataSource.h; sourceTree = "<group>"; };
		A0BCBD811D67C47200C9ED04 /* RestaurantDataSource.m */ = {isa = PBXFileReference; fileEncoding = 4; lastKnownFileType = sourcecode.c.objc; path = RestaurantDataSource.m; sourceTree = "<group>"; };
		A0BCBD871D67C4F300C9ED04 /* FoodwiseDefines.h */ = {isa = PBXFileReference; lastKnownFileType = sourcecode.c.h; path = FoodwiseDefines.h; sourceTree = "<group>"; };
		A0BCBD8F1D67C95C00C9ED04 /* MobileCoreServices.framework */ = {isa = PBXFileReference; lastKnownFileType = wrapper.framework; name = MobileCoreServices.framework; path = System/Library/Frameworks/MobileCoreServices.framework; sourceTree = SDKROOT; };
		A0BCBD911D67C96600C9ED04 /* Foundation.framework */ = {isa = PBXFileReference; lastKnownFileType = wrapper.framework; name = Foundation.framework; path = System/Library/Frameworks/Foundation.framework; sourceTree = SDKROOT; };
		A0BCBD931D67C96C00C9ED04 /* UIKit.framework */ = {isa = PBXFileReference; lastKnownFileType = wrapper.framework; name = UIKit.framework; path = System/Library/Frameworks/UIKit.framework; sourceTree = SDKROOT; };
		A0BCBD951D67CCB000C9ED04 /* LocationManager.h */ = {isa = PBXFileReference; fileEncoding = 4; lastKnownFileType = sourcecode.c.h; path = LocationManager.h; sourceTree = "<group>"; };
		A0BCBD961D67CCB000C9ED04 /* LocationManager.m */ = {isa = PBXFileReference; fileEncoding = 4; lastKnownFileType = sourcecode.c.objc; path = LocationManager.m; sourceTree = "<group>"; };
		A0BCBD981D693F9400C9ED04 /* RestaurantListViewController.h */ = {isa = PBXFileReference; fileEncoding = 4; lastKnownFileType = sourcecode.c.h; path = RestaurantListViewController.h; sourceTree = "<group>"; };
		A0BCBD991D693F9400C9ED04 /* RestaurantListViewController.m */ = {isa = PBXFileReference; fileEncoding = 4; lastKnownFileType = sourcecode.c.objc; path = RestaurantListViewController.m; sourceTree = "<group>"; };
		A0BCBD9B1D6940AA00C9ED04 /* RestaurantTableViewCell.h */ = {isa = PBXFileReference; fileEncoding = 4; lastKnownFileType = sourcecode.c.h; path = RestaurantTableViewCell.h; sourceTree = "<group>"; };
		A0BCBD9C1D6940AA00C9ED04 /* RestaurantTableViewCell.m */ = {isa = PBXFileReference; fileEncoding = 4; lastKnownFileType = sourcecode.c.objc; path = RestaurantTableViewCell.m; sourceTree = "<group>"; };
		A0BCBD9E1D6A4A5400C9ED04 /* FoursquareRestaurant.h */ = {isa = PBXFileReference; fileEncoding = 4; lastKnownFileType = sourcecode.c.h; path = FoursquareRestaurant.h; sourceTree = "<group>"; };
		A0BCBD9F1D6A4A5400C9ED04 /* FoursquareRestaurant.m */ = {isa = PBXFileReference; fileEncoding = 4; lastKnownFileType = sourcecode.c.objc; path = FoursquareRestaurant.m; sourceTree = "<group>"; };
		A0BCBDA11D6A6C0F00C9ED04 /* LoginViewController.h */ = {isa = PBXFileReference; fileEncoding = 4; lastKnownFileType = sourcecode.c.h; path = LoginViewController.h; sourceTree = "<group>"; };
		A0BCBDA21D6A6C0F00C9ED04 /* LoginViewController.m */ = {isa = PBXFileReference; fileEncoding = 4; lastKnownFileType = sourcecode.c.objc; path = LoginViewController.m; sourceTree = "<group>"; };
		A0BF221B1D6ACEE70024148A /* Bolts.framework */ = {isa = PBXFileReference; lastKnownFileType = wrapper.framework; name = Bolts.framework; path = Foodwise/Frameworks/Bolts.framework; sourceTree = "<group>"; };
		A0BF221C1D6ACEE70024148A /* FBSDKCoreKit.framework */ = {isa = PBXFileReference; lastKnownFileType = wrapper.framework; name = FBSDKCoreKit.framework; path = Foodwise/Frameworks/FBSDKCoreKit.framework; sourceTree = "<group>"; };
		A0BF221D1D6ACEE70024148A /* FBSDKLoginKit.framework */ = {isa = PBXFileReference; lastKnownFileType = wrapper.framework; name = FBSDKLoginKit.framework; path = Foodwise/Frameworks/FBSDKLoginKit.framework; sourceTree = "<group>"; };
		A0BF221E1D6ACEE70024148A /* FBSDKShareKit.framework */ = {isa = PBXFileReference; lastKnownFileType = wrapper.framework; name = FBSDKShareKit.framework; path = Foodwise/Frameworks/FBSDKShareKit.framework; sourceTree = "<group>"; };
		A0BF22291D6B9F6A0024148A /* SystemConfiguration.framework */ = {isa = PBXFileReference; lastKnownFileType = wrapper.framework; name = SystemConfiguration.framework; path = System/Library/Frameworks/SystemConfiguration.framework; sourceTree = SDKROOT; };
		A0BF222B1D6CF6CF0024148A /* LayoutBounds.h */ = {isa = PBXFileReference; fileEncoding = 4; lastKnownFileType = sourcecode.c.h; path = LayoutBounds.h; sourceTree = "<group>"; };
		A0BF222C1D6CF6CF0024148A /* LayoutBounds.m */ = {isa = PBXFileReference; fileEncoding = 4; lastKnownFileType = sourcecode.c.objc; path = LayoutBounds.m; sourceTree = "<group>"; };
		A0BF222E1D6D01C60024148A /* RestaurantDetailViewController.h */ = {isa = PBXFileReference; fileEncoding = 4; lastKnownFileType = sourcecode.c.h; path = RestaurantDetailViewController.h; sourceTree = "<group>"; };
		A0BF222F1D6D01C60024148A /* RestaurantDetailViewController.m */ = {isa = PBXFileReference; fileEncoding = 4; lastKnownFileType = sourcecode.c.objc; path = RestaurantDetailViewController.m; sourceTree = "<group>"; };
		A0DE0CBF1D7E73D700FC65C8 /* MealCameraController.h */ = {isa = PBXFileReference; fileEncoding = 4; lastKnownFileType = sourcecode.c.h; path = MealCameraController.h; sourceTree = "<group>"; };
		A0DE0CC01D7E73D700FC65C8 /* MealCameraController.m */ = {isa = PBXFileReference; fileEncoding = 4; lastKnownFileType = sourcecode.c.objc; path = MealCameraController.m; sourceTree = "<group>"; };
		A0DE0CF51D7E834D00FC65C8 /* PriceFilterView.h */ = {isa = PBXFileReference; fileEncoding = 4; lastKnownFileType = sourcecode.c.h; path = PriceFilterView.h; sourceTree = "<group>"; };
		A0DE0CF61D7E834D00FC65C8 /* PriceFilterView.m */ = {isa = PBXFileReference; fileEncoding = 4; lastKnownFileType = sourcecode.c.objc; path = PriceFilterView.m; sourceTree = "<group>"; };
		A0DE0CF81D7E8B4800FC65C8 /* AssetSendViewController.h */ = {isa = PBXFileReference; fileEncoding = 4; lastKnownFileType = sourcecode.c.h; path = AssetSendViewController.h; sourceTree = "<group>"; };
		A0DE0CF91D7E8B4800FC65C8 /* AssetSendViewController.m */ = {isa = PBXFileReference; fileEncoding = 4; lastKnownFileType = sourcecode.c.objc; path = AssetSendViewController.m; sourceTree = "<group>"; };
		A1AE22C332FFAE902C40343F /* libPods-TrueBite.a */ = {isa = PBXFileReference; explicitFileType = archive.ar; includeInIndex = 0; path = "libPods-TrueBite.a"; sourceTree = BUILT_PRODUCTS_DIR; };
		DC2EC2F8824A4AD2D63DDAF2 /* Pods-TrueBite.release.xcconfig */ = {isa = PBXFileReference; includeInIndex = 1; lastKnownFileType = text.xcconfig; name = "Pods-TrueBite.release.xcconfig"; path = "Pods/Target Support Files/Pods-TrueBite/Pods-TrueBite.release.xcconfig"; sourceTree = "<group>"; };
		F300562EDF952CAB25E101B3 /* Pods-TrueBite.debug.xcconfig */ = {isa = PBXFileReference; includeInIndex = 1; lastKnownFileType = text.xcconfig; name = "Pods-TrueBite.debug.xcconfig"; path = "Pods/Target Support Files/Pods-TrueBite/Pods-TrueBite.debug.xcconfig"; sourceTree = "<group>"; };
/* End PBXFileReference section */

/* Begin PBXFrameworksBuildPhase section */
		A06158741D67BB36005C7C74 /* Frameworks */ = {
			isa = PBXFrameworksBuildPhase;
			buildActionMask = 2147483647;
			files = (
				A0BF222A1D6B9F6A0024148A /* SystemConfiguration.framework in Frameworks */,
				A0BF22221D6ACEE80024148A /* FBSDKShareKit.framework in Frameworks */,
				A0BF221F1D6ACEE70024148A /* Bolts.framework in Frameworks */,
				A0BF22201D6ACEE70024148A /* FBSDKCoreKit.framework in Frameworks */,
				A0BCBD941D67C96C00C9ED04 /* UIKit.framework in Frameworks */,
				A0BCBD921D67C96600C9ED04 /* Foundation.framework in Frameworks */,
				A0BF22211D6ACEE80024148A /* FBSDKLoginKit.framework in Frameworks */,
				A0BCBD901D67C95C00C9ED04 /* MobileCoreServices.framework in Frameworks */,
				0043FB7ECDE03308B09BCF17 /* libPods-TrueBite.a in Frameworks */,
			);
			runOnlyForDeploymentPostprocessing = 0;
		};
/* End PBXFrameworksBuildPhase section */

/* Begin PBXGroup section */
		175E363BA9B128F10196FEAC /* Pods */ = {
			isa = PBXGroup;
			children = (
				F300562EDF952CAB25E101B3 /* Pods-TrueBite.debug.xcconfig */,
				DC2EC2F8824A4AD2D63DDAF2 /* Pods-TrueBite.release.xcconfig */,
			);
			name = Pods;
			sourceTree = "<group>";
		};
		A024395B1D7680AB00BA4017 /* Onboarding */ = {
			isa = PBXGroup;
			children = (
				A02439551D76758100BA4017 /* LocationPromptView.h */,
				A02439561D76758100BA4017 /* LocationPromptView.m */,
				A03D3B351D77F9FF008455F1 /* TitlePageView.h */,
				A03D3B361D77F9FF008455F1 /* TitlePageView.m */,
				A03D3B381D77FA10008455F1 /* AppDescriptionView.h */,
				A03D3B391D77FA10008455F1 /* AppDescriptionView.m */,
			);
			name = Onboarding;
			sourceTree = "<group>";
		};
		A024395C1D7680C100BA4017 /* UITableViewCells */ = {
			isa = PBXGroup;
			children = (
				A0BCBD9B1D6940AA00C9ED04 /* RestaurantTableViewCell.h */,
				A0BCBD9C1D6940AA00C9ED04 /* RestaurantTableViewCell.m */,
				A093BCB41D7237B0009A8F55 /* RestaurantDetailViewCell.h */,
				A093BCB51D7237B0009A8F55 /* RestaurantDetailViewCell.m */,
				A02439491D73A09D00BA4017 /* HoursTableViewCell.h */,
				A024394A1D73A09D00BA4017 /* HoursTableViewCell.m */,
				A024394C1D73B4EC00BA4017 /* RestaurantInfoTableViewCell.h */,
				A024394D1D73B4EC00BA4017 /* RestaurantInfoTableViewCell.m */,
				A018A8171D7FC82800FAECFE /* TabledCollectionCell.h */,
				A018A8181D7FC82800FAECFE /* TabledCollectionCell.m */,
			);
			name = UITableViewCells;
			sourceTree = "<group>";
		};
		A02439631D776F0300BA4017 /* Restaurant Details */ = {
			isa = PBXGroup;
			children = (
				A0BF222E1D6D01C60024148A /* RestaurantDetailViewController.h */,
				A0BF222F1D6D01C60024148A /* RestaurantDetailViewController.m */,
				A02439601D776EF900BA4017 /* WKWebViewController.h */,
				A02439611D776EF900BA4017 /* WKWebViewController.m */,
			);
			name = "Restaurant Details";
			sourceTree = "<group>";
		};
		A0275BC21D89C8BB00D2DE5B /* UICollectionViewCells */ = {
			isa = PBXGroup;
			children = (
				A018A81A1D7FCE4000FAECFE /* ImageCollectionCell.h */,
				A018A81B1D7FCE4000FAECFE /* ImageCollectionCell.m */,
				A0275BBF1D89C8B300D2DE5B /* AddPhotoCollectionViewCell.h */,
				A0275BC01D89C8B300D2DE5B /* AddPhotoCollectionViewCell.m */,
			);
			name = UICollectionViewCells;
			sourceTree = "<group>";
		};
		A061586E1D67BB36005C7C74 = {
			isa = PBXGroup;
			children = (
				A06158791D67BB36005C7C74 /* TrueBite */,
				A06158781D67BB36005C7C74 /* Products */,
				DA16B302DFB147F45FA043F7 /* Frameworks */,
				175E363BA9B128F10196FEAC /* Pods */,
			);
			sourceTree = "<group>";
		};
		A06158781D67BB36005C7C74 /* Products */ = {
			isa = PBXGroup;
			children = (
				A06158771D67BB36005C7C74 /* TrueBite.app */,
			);
			name = Products;
			sourceTree = "<group>";
		};
		A06158791D67BB36005C7C74 /* TrueBite */ = {
			isa = PBXGroup;
			children = (
				A0BCBD831D67C47B00C9ED04 /* Model */,
				A0BCBD841D67C48300C9ED04 /* Controller */,
				A0BCBD851D67C49200C9ED04 /* View */,
				A061587A1D67BB36005C7C74 /* Supporting Files */,
			);
			name = TrueBite;
			path = Foodwise;
			sourceTree = "<group>";
		};
		A061587A1D67BB36005C7C74 /* Supporting Files */ = {
			isa = PBXGroup;
			children = (
				A0BCBD871D67C4F300C9ED04 /* FoodwiseDefines.h */,
				A0BF222B1D6CF6CF0024148A /* LayoutBounds.h */,
				A0BF222C1D6CF6CF0024148A /* LayoutBounds.m */,
				A093BCCB1D724E52009A8F55 /* Resources */,
				A061587D1D67BB36005C7C74 /* AppDelegate.h */,
				A061587E1D67BB36005C7C74 /* AppDelegate.m */,
				A061587B1D67BB36005C7C74 /* main.m */,
				A06158861D67BB36005C7C74 /* Assets.xcassets */,
				A061588B1D67BB36005C7C74 /* Info.plist */,
				A03D3B3E1D78C7C4008455F1 /* GoogleService-Info.plist */,
			);
			name = "Supporting Files";
			sourceTree = "<group>";
		};
		A093BCC31D724C6D009A8F55 /* Fonts */ = {
			isa = PBXGroup;
			children = (
				A093BCBC1D724C64009A8F55 /* SF-UI-Display-Light.otf */,
				A093BCBD1D724C64009A8F55 /* SF-UI-Display-Medium.otf */,
				A093BCBE1D724C64009A8F55 /* SF-UI-Display-Semibold.otf */,
				A093BCBF1D724C64009A8F55 /* SF-UI-Text-SemiboldItalic.otf */,
				A093BCC01D724C64009A8F55 /* SF-UI-Text-RegularItalic.otf */,
				A093BCC11D724C64009A8F55 /* SF-UI-Display-Bold.otf */,
				A093BCC21D724C64009A8F55 /* SF-UI-Display-Regular.otf */,
				A093BCB81D723B96009A8F55 /* UIFont+Extension.h */,
				A093BCB91D723B96009A8F55 /* UIFont+Extension.m */,
			);
			name = Fonts;
			sourceTree = "<group>";
		};
		A093BCCB1D724E52009A8F55 /* Resources */ = {
			isa = PBXGroup;
			children = (
				A0275BCA1D8A231C00D2DE5B /* UIImage+ResizeHelper.h */,
				A0275BCB1D8A231C00D2DE5B /* UIImage+ResizeHelper.m */,
				A0275BBC1D89C07400D2DE5B /* NSString+IsEmpty.h */,
				A0275BBD1D89C07400D2DE5B /* NSString+IsEmpty.m */,
				A093BCC31D724C6D009A8F55 /* Fonts */,
			);
			name = Resources;
			sourceTree = "<group>";
		};
		A0BCBD831D67C47B00C9ED04 /* Model */ = {
			isa = PBXGroup;
			children = (
				A0BCBD9E1D6A4A5400C9ED04 /* FoursquareRestaurant.h */,
				A0BCBD9F1D6A4A5400C9ED04 /* FoursquareRestaurant.m */,
				A0BCBD801D67C47200C9ED04 /* RestaurantDataSource.h */,
				A0BCBD811D67C47200C9ED04 /* RestaurantDataSource.m */,
				A0BCBD951D67CCB000C9ED04 /* LocationManager.h */,
				A0BCBD961D67CCB000C9ED04 /* LocationManager.m */,
				A018A8251D82925200FAECFE /* FIRDatabaseManager.h */,
				A018A8261D82925200FAECFE /* FIRDatabaseManager.m */,
			);
			name = Model;
			sourceTree = "<group>";
		};
		A0BCBD841D67C48300C9ED04 /* Controller */ = {
			isa = PBXGroup;
			children = (
				A0DE0CBE1D7E733300FC65C8 /* Restaurants */,
				A0DE0CBD1D7E732C00FC65C8 /* Camera */,
				A0019FCB1D6FD4DB0074F80D /* PriceUpdateController.h */,
				A0019FCC1D6FD4DB0074F80D /* PriceUpdateController.m */,
				A0019FCF1D714D290074F80D /* SearchViewController.h */,
				A0019FD01D714D290074F80D /* SearchViewController.m */,
				A0BCBDA11D6A6C0F00C9ED04 /* LoginViewController.h */,
				A0BCBDA21D6A6C0F00C9ED04 /* LoginViewController.m */,
				A02439631D776F0300BA4017 /* Restaurant Details */,
			);
			name = Controller;
			sourceTree = "<group>";
		};
		A0BCBD851D67C49200C9ED04 /* View */ = {
			isa = PBXGroup;
			children = (
				A024394F1D73CE0700BA4017 /* SpecificMapView.h */,
				A02439501D73CE0700BA4017 /* SpecificMapView.m */,
				A02439581D767F6100BA4017 /* LoadingView.h */,
				A02439591D767F6100BA4017 /* LoadingView.m */,
				A024395C1D7680C100BA4017 /* UITableViewCells */,
				A0275BC21D89C8BB00D2DE5B /* UICollectionViewCells */,
				A024395B1D7680AB00BA4017 /* Onboarding */,
				A06158831D67BB36005C7C74 /* Main.storyboard */,
				A06158881D67BB36005C7C74 /* LaunchScreen.storyboard */,
				A024395D1D7684BD00BA4017 /* StarRatingView.h */,
				A024395E1D7684BD00BA4017 /* StarRatingView.m */,
				A0B1F9721D77A9EA00699A80 /* PriceUpdateAnimationView.h */,
				A0B1F9731D77A9EA00699A80 /* PriceUpdateAnimationView.m */,
			);
			name = View;
			sourceTree = "<group>";
		};
		A0DE0CBD1D7E732C00FC65C8 /* Camera */ = {
			isa = PBXGroup;
			children = (
				A0DE0CBF1D7E73D700FC65C8 /* MealCameraController.h */,
				A0DE0CC01D7E73D700FC65C8 /* MealCameraController.m */,
				A0DE0CF51D7E834D00FC65C8 /* PriceFilterView.h */,
				A0DE0CF61D7E834D00FC65C8 /* PriceFilterView.m */,
				A0DE0CF81D7E8B4800FC65C8 /* AssetSendViewController.h */,
				A0DE0CF91D7E8B4800FC65C8 /* AssetSendViewController.m */,
			);
			name = Camera;
			sourceTree = "<group>";
		};
		A0DE0CBE1D7E733300FC65C8 /* Restaurants */ = {
			isa = PBXGroup;
			children = (
				A06158801D67BB36005C7C74 /* MapViewController.h */,
				A06158811D67BB36005C7C74 /* MapViewController.m */,
				A0BCBD981D693F9400C9ED04 /* RestaurantListViewController.h */,
				A0BCBD991D693F9400C9ED04 /* RestaurantListViewController.m */,
			);
			name = Restaurants;
			sourceTree = "<group>";
		};
		DA16B302DFB147F45FA043F7 /* Frameworks */ = {
			isa = PBXGroup;
			children = (
				A0BF22291D6B9F6A0024148A /* SystemConfiguration.framework */,
				A0BF221B1D6ACEE70024148A /* Bolts.framework */,
				A0BF221C1D6ACEE70024148A /* FBSDKCoreKit.framework */,
				A0BF221D1D6ACEE70024148A /* FBSDKLoginKit.framework */,
				A0BF221E1D6ACEE70024148A /* FBSDKShareKit.framework */,
				A0BCBD931D67C96C00C9ED04 /* UIKit.framework */,
				A0BCBD911D67C96600C9ED04 /* Foundation.framework */,
				A0BCBD8F1D67C95C00C9ED04 /* MobileCoreServices.framework */,
				A1AE22C332FFAE902C40343F /* libPods-TrueBite.a */,
			);
			name = Frameworks;
			sourceTree = "<group>";
		};
/* End PBXGroup section */

/* Begin PBXNativeTarget section */
		A06158761D67BB36005C7C74 /* TrueBite */ = {
			isa = PBXNativeTarget;
			buildConfigurationList = A061588E1D67BB36005C7C74 /* Build configuration list for PBXNativeTarget "TrueBite" */;
			buildPhases = (
				90593A14CC055B5A916891C4 /* [CP] Check Pods Manifest.lock */,
				A06158731D67BB36005C7C74 /* Sources */,
				A06158741D67BB36005C7C74 /* Frameworks */,
				A06158751D67BB36005C7C74 /* Resources */,
				D5026BDAE2FF3D9276B1113D /* [CP] Embed Pods Frameworks */,
				01E4D68C6395994FF38E4B01 /* [CP] Copy Pods Resources */,
			);
			buildRules = (
			);
			dependencies = (
			);
			name = TrueBite;
			productName = Foodwise;
			productReference = A06158771D67BB36005C7C74 /* TrueBite.app */;
			productType = "com.apple.product-type.application";
		};
/* End PBXNativeTarget section */

/* Begin PBXProject section */
		A061586F1D67BB36005C7C74 /* Project object */ = {
			isa = PBXProject;
			attributes = {
				LastUpgradeCheck = 0800;
				ORGANIZATIONNAME = "Brian Wong";
				TargetAttributes = {
					A06158761D67BB36005C7C74 = {
						CreatedOnToolsVersion = 7.3.1;
						DevelopmentTeam = 7VDPHN5N3R;
					};
				};
			};
			buildConfigurationList = A06158721D67BB36005C7C74 /* Build configuration list for PBXProject "TrueBite" */;
			compatibilityVersion = "Xcode 3.2";
			developmentRegion = English;
			hasScannedForEncodings = 0;
			knownRegions = (
				en,
				Base,
			);
			mainGroup = A061586E1D67BB36005C7C74;
			productRefGroup = A06158781D67BB36005C7C74 /* Products */;
			projectDirPath = "";
			projectRoot = "";
			targets = (
				A06158761D67BB36005C7C74 /* TrueBite */,
			);
		};
/* End PBXProject section */

/* Begin PBXResourcesBuildPhase section */
		A06158751D67BB36005C7C74 /* Resources */ = {
			isa = PBXResourcesBuildPhase;
			buildActionMask = 2147483647;
			files = (
				A093BCC41D724DD3009A8F55 /* SF-UI-Display-Light.otf in Resources */,
				A093BCC51D724DD3009A8F55 /* SF-UI-Display-Medium.otf in Resources */,
				A093BCC61D724DD3009A8F55 /* SF-UI-Display-Semibold.otf in Resources */,
				A093BCC71D724DD3009A8F55 /* SF-UI-Text-SemiboldItalic.otf in Resources */,
				A093BCC81D724DD3009A8F55 /* SF-UI-Text-RegularItalic.otf in Resources */,
				A093BCC91D724DD3009A8F55 /* SF-UI-Display-Bold.otf in Resources */,
				A093BCCA1D724DD3009A8F55 /* SF-UI-Display-Regular.otf in Resources */,
				A03D3B3F1D78C7C4008455F1 /* GoogleService-Info.plist in Resources */,
				A061588A1D67BB36005C7C74 /* LaunchScreen.storyboard in Resources */,
				A06158871D67BB36005C7C74 /* Assets.xcassets in Resources */,
				A06158851D67BB36005C7C74 /* Main.storyboard in Resources */,
			);
			runOnlyForDeploymentPostprocessing = 0;
		};
/* End PBXResourcesBuildPhase section */

/* Begin PBXShellScriptBuildPhase section */
		01E4D68C6395994FF38E4B01 /* [CP] Copy Pods Resources */ = {
			isa = PBXShellScriptBuildPhase;
			buildActionMask = 2147483647;
			files = (
			);
			inputPaths = (
			);
			name = "[CP] Copy Pods Resources";
			outputPaths = (
			);
			runOnlyForDeploymentPostprocessing = 0;
			shellPath = /bin/sh;
			shellScript = "\"${SRCROOT}/Pods/Target Support Files/Pods-TrueBite/Pods-TrueBite-resources.sh\"\n";
			showEnvVarsInLog = 0;
		};
		90593A14CC055B5A916891C4 /* [CP] Check Pods Manifest.lock */ = {
			isa = PBXShellScriptBuildPhase;
			buildActionMask = 2147483647;
			files = (
			);
			inputPaths = (
			);
			name = "[CP] Check Pods Manifest.lock";
			outputPaths = (
			);
			runOnlyForDeploymentPostprocessing = 0;
			shellPath = /bin/sh;
			shellScript = "diff \"${PODS_ROOT}/../Podfile.lock\" \"${PODS_ROOT}/Manifest.lock\" > /dev/null\nif [[ $? != 0 ]] ; then\n    cat << EOM\nerror: The sandbox is not in sync with the Podfile.lock. Run 'pod install' or update your CocoaPods installation.\nEOM\n    exit 1\nfi\n";
			showEnvVarsInLog = 0;
		};
		D5026BDAE2FF3D9276B1113D /* [CP] Embed Pods Frameworks */ = {
			isa = PBXShellScriptBuildPhase;
			buildActionMask = 2147483647;
			files = (
			);
			inputPaths = (
			);
			name = "[CP] Embed Pods Frameworks";
			outputPaths = (
			);
			runOnlyForDeploymentPostprocessing = 0;
			shellPath = /bin/sh;
			shellScript = "\"${SRCROOT}/Pods/Target Support Files/Pods-TrueBite/Pods-TrueBite-frameworks.sh\"\n";
			showEnvVarsInLog = 0;
		};
/* End PBXShellScriptBuildPhase section */

/* Begin PBXSourcesBuildPhase section */
		A06158731D67BB36005C7C74 /* Sources */ = {
			isa = PBXSourcesBuildPhase;
			buildActionMask = 2147483647;
			files = (
				A0019FCD1D6FD4DB0074F80D /* PriceUpdateController.m in Sources */,
				A0BCBDA01D6A4A5400C9ED04 /* FoursquareRestaurant.m in Sources */,
				A03D3B3A1D77FA10008455F1 /* AppDescriptionView.m in Sources */,
				A06158821D67BB36005C7C74 /* MapViewController.m in Sources */,
				A0BCBD9A1D693F9400C9ED04 /* RestaurantListViewController.m in Sources */,
				A0DE0CC11D7E73D700FC65C8 /* MealCameraController.m in Sources */,
				A024395F1D7684BD00BA4017 /* StarRatingView.m in Sources */,
				A018A8191D7FC82800FAECFE /* TabledCollectionCell.m in Sources */,
				A0DE0CFA1D7E8B4800FC65C8 /* AssetSendViewController.m in Sources */,
				A02439571D76758100BA4017 /* LocationPromptView.m in Sources */,
				A0BF22301D6D01C60024148A /* RestaurantDetailViewController.m in Sources */,
				A02439511D73CE0700BA4017 /* SpecificMapView.m in Sources */,
				A02439621D776EF900BA4017 /* WKWebViewController.m in Sources */,
				A0019FD11D714D290074F80D /* SearchViewController.m in Sources */,
				A0DE0CF71D7E834D00FC65C8 /* PriceFilterView.m in Sources */,
				A024394E1D73B4EC00BA4017 /* RestaurantInfoTableViewCell.m in Sources */,
				A018A8271D82925200FAECFE /* FIRDatabaseManager.m in Sources */,
				A0BCBD9D1D6940AA00C9ED04 /* RestaurantTableViewCell.m in Sources */,
				A0275BC11D89C8B300D2DE5B /* AddPhotoCollectionViewCell.m in Sources */,
				A0BCBD971D67CCB000C9ED04 /* LocationManager.m in Sources */,
				A093BCBA1D723B96009A8F55 /* UIFont+Extension.m in Sources */,
				A0BCBDA31D6A6C0F00C9ED04 /* LoginViewController.m in Sources */,
				A061587F1D67BB36005C7C74 /* AppDelegate.m in Sources */,
				A0B1F9741D77A9EA00699A80 /* PriceUpdateAnimationView.m in Sources */,
				A093BCB61D7237B0009A8F55 /* RestaurantDetailViewCell.m in Sources */,
				A03D3B371D77F9FF008455F1 /* TitlePageView.m in Sources */,
				A0BF222D1D6CF6CF0024148A /* LayoutBounds.m in Sources */,
				A024394B1D73A09D00BA4017 /* HoursTableViewCell.m in Sources */,
				A0BCBD821D67C47200C9ED04 /* RestaurantDataSource.m in Sources */,
				A0275BBE1D89C07400D2DE5B /* NSString+IsEmpty.m in Sources */,
				A024395A1D767F6100BA4017 /* LoadingView.m in Sources */,
				A061587C1D67BB36005C7C74 /* main.m in Sources */,
				A018A81C1D7FCE4000FAECFE /* ImageCollectionCell.m in Sources */,
				A0275BCC1D8A231C00D2DE5B /* UIImage+ResizeHelper.m in Sources */,
			);
			runOnlyForDeploymentPostprocessing = 0;
		};
/* End PBXSourcesBuildPhase section */

/* Begin PBXVariantGroup section */
		A06158831D67BB36005C7C74 /* Main.storyboard */ = {
			isa = PBXVariantGroup;
			children = (
				A06158841D67BB36005C7C74 /* Base */,
			);
			name = Main.storyboard;
			sourceTree = "<group>";
		};
		A06158881D67BB36005C7C74 /* LaunchScreen.storyboard */ = {
			isa = PBXVariantGroup;
			children = (
				A06158891D67BB36005C7C74 /* Base */,
			);
			name = LaunchScreen.storyboard;
			sourceTree = "<group>";
		};
/* End PBXVariantGroup section */

/* Begin XCBuildConfiguration section */
		A061588C1D67BB36005C7C74 /* Debug */ = {
			isa = XCBuildConfiguration;
			buildSettings = {
				ALWAYS_SEARCH_USER_PATHS = NO;
				CLANG_ANALYZER_NONNULL = YES;
				CLANG_CXX_LANGUAGE_STANDARD = "gnu++0x";
				CLANG_CXX_LIBRARY = "libc++";
				CLANG_ENABLE_MODULES = YES;
				CLANG_ENABLE_OBJC_ARC = YES;
				CLANG_WARN_BOOL_CONVERSION = YES;
				CLANG_WARN_CONSTANT_CONVERSION = YES;
				CLANG_WARN_DIRECT_OBJC_ISA_USAGE = YES_ERROR;
				CLANG_WARN_EMPTY_BODY = YES;
				CLANG_WARN_ENUM_CONVERSION = YES;
				CLANG_WARN_INFINITE_RECURSION = YES;
				CLANG_WARN_INT_CONVERSION = YES;
				CLANG_WARN_OBJC_ROOT_CLASS = YES_ERROR;
				CLANG_WARN_SUSPICIOUS_MOVE = YES;
				CLANG_WARN_UNREACHABLE_CODE = YES;
				CLANG_WARN__DUPLICATE_METHOD_MATCH = YES;
				"CODE_SIGN_IDENTITY[sdk=iphoneos*]" = "iPhone Developer";
				COPY_PHASE_STRIP = NO;
				DEBUG_INFORMATION_FORMAT = dwarf;
				ENABLE_STRICT_OBJC_MSGSEND = YES;
				ENABLE_TESTABILITY = YES;
				GCC_C_LANGUAGE_STANDARD = gnu99;
				GCC_DYNAMIC_NO_PIC = NO;
				GCC_NO_COMMON_BLOCKS = YES;
				GCC_OPTIMIZATION_LEVEL = 0;
				GCC_PREPROCESSOR_DEFINITIONS = (
					"DEBUG=1",
					"$(inherited)",
				);
				GCC_WARN_64_TO_32_BIT_CONVERSION = YES;
				GCC_WARN_ABOUT_RETURN_TYPE = YES_ERROR;
				GCC_WARN_UNDECLARED_SELECTOR = YES;
				GCC_WARN_UNINITIALIZED_AUTOS = YES_AGGRESSIVE;
				GCC_WARN_UNUSED_FUNCTION = YES;
				GCC_WARN_UNUSED_VARIABLE = YES;
				IPHONEOS_DEPLOYMENT_TARGET = 8.0;
				MTL_ENABLE_DEBUG_INFO = YES;
				ONLY_ACTIVE_ARCH = YES;
				SDKROOT = iphoneos;
			};
			name = Debug;
		};
		A061588D1D67BB36005C7C74 /* Release */ = {
			isa = XCBuildConfiguration;
			buildSettings = {
				ALWAYS_SEARCH_USER_PATHS = NO;
				CLANG_ANALYZER_NONNULL = YES;
				CLANG_CXX_LANGUAGE_STANDARD = "gnu++0x";
				CLANG_CXX_LIBRARY = "libc++";
				CLANG_ENABLE_MODULES = YES;
				CLANG_ENABLE_OBJC_ARC = YES;
				CLANG_WARN_BOOL_CONVERSION = YES;
				CLANG_WARN_CONSTANT_CONVERSION = YES;
				CLANG_WARN_DIRECT_OBJC_ISA_USAGE = YES_ERROR;
				CLANG_WARN_EMPTY_BODY = YES;
				CLANG_WARN_ENUM_CONVERSION = YES;
				CLANG_WARN_INFINITE_RECURSION = YES;
				CLANG_WARN_INT_CONVERSION = YES;
				CLANG_WARN_OBJC_ROOT_CLASS = YES_ERROR;
				CLANG_WARN_SUSPICIOUS_MOVE = YES;
				CLANG_WARN_UNREACHABLE_CODE = YES;
				CLANG_WARN__DUPLICATE_METHOD_MATCH = YES;
				"CODE_SIGN_IDENTITY[sdk=iphoneos*]" = "iPhone Developer";
				COPY_PHASE_STRIP = NO;
				DEBUG_INFORMATION_FORMAT = "dwarf-with-dsym";
				ENABLE_NS_ASSERTIONS = NO;
				ENABLE_STRICT_OBJC_MSGSEND = YES;
				GCC_C_LANGUAGE_STANDARD = gnu99;
				GCC_NO_COMMON_BLOCKS = YES;
				GCC_WARN_64_TO_32_BIT_CONVERSION = YES;
				GCC_WARN_ABOUT_RETURN_TYPE = YES_ERROR;
				GCC_WARN_UNDECLARED_SELECTOR = YES;
				GCC_WARN_UNINITIALIZED_AUTOS = YES_AGGRESSIVE;
				GCC_WARN_UNUSED_FUNCTION = YES;
				GCC_WARN_UNUSED_VARIABLE = YES;
				IPHONEOS_DEPLOYMENT_TARGET = 8.0;
				MTL_ENABLE_DEBUG_INFO = NO;
				SDKROOT = iphoneos;
				VALIDATE_PRODUCT = YES;
			};
			name = Release;
		};
		A061588F1D67BB36005C7C74 /* Debug */ = {
			isa = XCBuildConfiguration;
			baseConfigurationReference = F300562EDF952CAB25E101B3 /* Pods-TrueBite.debug.xcconfig */;
			buildSettings = {
				ASSETCATALOG_COMPILER_APPICON_NAME = AppIcon;
				CODE_SIGN_IDENTITY = "iPhone Developer";
				"CODE_SIGN_IDENTITY[sdk=iphoneos*]" = "iPhone Developer";
				DEVELOPMENT_TEAM = 7VDPHN5N3R;
				FRAMEWORK_SEARCH_PATHS = (
					"$(inherited)",
					"$(PROJECT_DIR)/Foodwise",
					"$(PROJECT_DIR)",
					"$(PROJECT_DIR)/Foodwise/Frameworks",
				);
				INFOPLIST_FILE = Foodwise/Info.plist;
				IPHONEOS_DEPLOYMENT_TARGET = 8.0;
				LD_RUNPATH_SEARCH_PATHS = "$(inherited) @executable_path/Frameworks";
				PRODUCT_BUNDLE_IDENTIFIER = com.gotaplet.TrueBite;
				PRODUCT_NAME = TrueBite;
				PROVISIONING_PROFILE = "";
			};
			name = Debug;
		};
		A06158901D67BB36005C7C74 /* Release */ = {
			isa = XCBuildConfiguration;
			baseConfigurationReference = DC2EC2F8824A4AD2D63DDAF2 /* Pods-TrueBite.release.xcconfig */;
			buildSettings = {
				ASSETCATALOG_COMPILER_APPICON_NAME = AppIcon;
				CODE_SIGN_IDENTITY = "iPhone Developer";
				"CODE_SIGN_IDENTITY[sdk=iphoneos*]" = "iPhone Developer";
				DEVELOPMENT_TEAM = 7VDPHN5N3R;
				FRAMEWORK_SEARCH_PATHS = (
					"$(inherited)",
					"$(PROJECT_DIR)/Foodwise",
					"$(PROJECT_DIR)",
					"$(PROJECT_DIR)/Foodwise/Frameworks",
				);
				INFOPLIST_FILE = Foodwise/Info.plist;
				IPHONEOS_DEPLOYMENT_TARGET = 8.0;
				LD_RUNPATH_SEARCH_PATHS = "$(inherited) @executable_path/Frameworks";
				PRODUCT_BUNDLE_IDENTIFIER = com.gotaplet.TrueBite;
				PRODUCT_NAME = TrueBite;
				PROVISIONING_PROFILE = "";
			};
			name = Release;
		};
/* End XCBuildConfiguration section */

/* Begin XCConfigurationList section */
		A06158721D67BB36005C7C74 /* Build configuration list for PBXProject "TrueBite" */ = {
			isa = XCConfigurationList;
			buildConfigurations = (
				A061588C1D67BB36005C7C74 /* Debug */,
				A061588D1D67BB36005C7C74 /* Release */,
			);
			defaultConfigurationIsVisible = 0;
			defaultConfigurationName = Release;
		};
		A061588E1D67BB36005C7C74 /* Build configuration list for PBXNativeTarget "TrueBite" */ = {
			isa = XCConfigurationList;
			buildConfigurations = (
				A061588F1D67BB36005C7C74 /* Debug */,
				A06158901D67BB36005C7C74 /* Release */,
			);
			defaultConfigurationIsVisible = 0;
			defaultConfigurationName = Release;
		};
/* End XCConfigurationList section */
	};
	rootObject = A061586F1D67BB36005C7C74 /* Project object */;
}
